
Microsoft Visual Studio Solution File, Format Version 12.00
# Visual Studio 2013
VisualStudioVersion = 12.0.40629.0
MinimumVisualStudioVersion = 10.0.40219.1
Project("{FAE04EC0-301F-11D3-BF4B-00C04F79EFBC}") = "UltimateManagementTool", "UltimateManagementTool\UltimateManagementTool.csproj", "{FB529F3E-B16B-46F3-BF0D-74AFAA5F8E36}"
EndProject
Project("{FAE04EC0-301F-11D3-BF4B-00C04F79EFBC}") = "UltimateManagementTool.Specs", "UltimateManagementTool.Specs\UltimateManagementTool.Specs.csproj", "{7752494E-D188-494E-AC61-93BB063CCB85}"
EndProject
Project("{FAE04EC0-301F-11D3-BF4B-00C04F79EFBC}") = "UltimateManagementTool.UnitTests", "UltimateManagementTool.UnitTests\UltimateManagementTool.UnitTests.csproj", "{FA20D1D6-6834-49D2-994A-8E8CEF1B4142}"
EndProject
Global
	GlobalSection(SolutionConfigurationPlatforms) = preSolution
		Debug|Any CPU = Debug|Any CPU
		Release|Any CPU = Release|Any CPU
	EndGlobalSection
	GlobalSection(ProjectConfigurationPlatforms) = postSolution
		{FB529F3E-B16B-46F3-BF0D-74AFAA5F8E36}.Debug|Any CPU.ActiveCfg = Debug|Any CPU
		{FB529F3E-B16B-46F3-BF0D-74AFAA5F8E36}.Debug|Any CPU.Build.0 = Debug|Any CPU
		{FB529F3E-B16B-46F3-BF0D-74AFAA5F8E36}.Release|Any CPU.ActiveCfg = Release|Any CPU
		{FB529F3E-B16B-46F3-BF0D-74AFAA5F8E36}.Release|Any CPU.Build.0 = Release|Any CPU
		{7752494E-D188-494E-AC61-93BB063CCB85}.Debug|Any CPU.ActiveCfg = Debug|Any CPU
		{7752494E-D188-494E-AC61-93BB063CCB85}.Debug|Any CPU.Build.0 = Debug|Any CPU
		{7752494E-D188-494E-AC61-93BB063CCB85}.Release|Any CPU.ActiveCfg = Release|Any CPU
		{7752494E-D188-494E-AC61-93BB063CCB85}.Release|Any CPU.Build.0 = Release|Any CPU
		{FA20D1D6-6834-49D2-994A-8E8CEF1B4142}.Debug|Any CPU.ActiveCfg = Debug|Any CPU
		{FA20D1D6-6834-49D2-994A-8E8CEF1B4142}.Debug|Any CPU.Build.0 = Debug|Any CPU
		{FA20D1D6-6834-49D2-994A-8E8CEF1B4142}.Release|Any CPU.ActiveCfg = Release|Any CPU
		{FA20D1D6-6834-49D2-994A-8E8CEF1B4142}.Release|Any CPU.Build.0 = Release|Any CPU
	EndGlobalSection
	GlobalSection(SolutionProperties) = preSolution
		HideSolutionNode = FALSE
	EndGlobalSection
EndGlobal
